// !$*UTF8*$!
{
	archiveVersion = 1;
	classes = {
	};
	objectVersion = 56;
	objects = {

/* Begin PBXBuildFile section */
		851678E32BBB2CAB004BE371 /* TableViewCellScreen.swift in Sources */ = {isa = PBXBuildFile; fileRef = 851678E22BBB2CAB004BE371 /* TableViewCellScreen.swift */; };
		851678E72BBB2D20004BE371 /* TableViewCell.swift in Sources */ = {isa = PBXBuildFile; fileRef = 851678E62BBB2D20004BE371 /* TableViewCell.swift */; };
		851678F62BBC71B1004BE371 /* CreateReserveScreen.swift in Sources */ = {isa = PBXBuildFile; fileRef = 851678F52BBC71B1004BE371 /* CreateReserveScreen.swift */; };
		851678F82BBC7582004BE371 /* CreateReserveVC.swift in Sources */ = {isa = PBXBuildFile; fileRef = 851678F72BBC7582004BE371 /* CreateReserveVC.swift */; };
		8557AB6F2BA4655C006CC784 /* RegisterVC.swift in Sources */ = {isa = PBXBuildFile; fileRef = 8557AB6E2BA4655C006CC784 /* RegisterVC.swift */; };
		8557AB732BA465AE006CC784 /* RegisterScreen.swift in Sources */ = {isa = PBXBuildFile; fileRef = 8557AB722BA465AE006CC784 /* RegisterScreen.swift */; };
		8558D4BD2B93471A00913807 /* AppDelegate.swift in Sources */ = {isa = PBXBuildFile; fileRef = 8558D4BC2B93471A00913807 /* AppDelegate.swift */; };
		8558D4BF2B93471A00913807 /* SceneDelegate.swift in Sources */ = {isa = PBXBuildFile; fileRef = 8558D4BE2B93471A00913807 /* SceneDelegate.swift */; };
		8558D4C12B93471A00913807 /* HomeVC.swift in Sources */ = {isa = PBXBuildFile; fileRef = 8558D4C02B93471A00913807 /* HomeVC.swift */; };
		8558D4C62B93471C00913807 /* Assets.xcassets in Resources */ = {isa = PBXBuildFile; fileRef = 8558D4C52B93471C00913807 /* Assets.xcassets */; };
		8558D4C92B93471C00913807 /* LaunchScreen.storyboard in Resources */ = {isa = PBXBuildFile; fileRef = 8558D4C72B93471C00913807 /* LaunchScreen.storyboard */; };
		8558D4D12B93496C00913807 /* HomeScreen.swift in Sources */ = {isa = PBXBuildFile; fileRef = 8558D4D02B93496C00913807 /* HomeScreen.swift */; };
		856D5CA62BA7453300AF68F6 /* PasswordVC.swift in Sources */ = {isa = PBXBuildFile; fileRef = 856D5CA52BA7453300AF68F6 /* PasswordVC.swift */; };
		856D5CA82BA7458F00AF68F6 /* PasswordScreen.swift in Sources */ = {isa = PBXBuildFile; fileRef = 856D5CA72BA7458F00AF68F6 /* PasswordScreen.swift */; };
		858FD1E32BB05D3700698EA7 /* SelectVC.swift in Sources */ = {isa = PBXBuildFile; fileRef = 858FD1E22BB05D3700698EA7 /* SelectVC.swift */; };
		858FD1E52BB05D8100698EA7 /* SelectScreen.swift in Sources */ = {isa = PBXBuildFile; fileRef = 858FD1E42BB05D8100698EA7 /* SelectScreen.swift */; };
		858FD1E82BB0A4B600698EA7 /* Reserve1VC.swift in Sources */ = {isa = PBXBuildFile; fileRef = 858FD1E72BB0A4B600698EA7 /* Reserve1VC.swift */; };
		858FD1EA2BB0A4D300698EA7 /* Reserve1Screen.swift in Sources */ = {isa = PBXBuildFile; fileRef = 858FD1E92BB0A4D300698EA7 /* Reserve1Screen.swift */; };
		858FD1ED2BB2223000698EA7 /* GoogleService-Info.plist in Resources */ = {isa = PBXBuildFile; fileRef = 858FD1EC2BB2223000698EA7 /* GoogleService-Info.plist */; };
		858FD1F02BB223FD00698EA7 /* FirebaseAnalytics in Frameworks */ = {isa = PBXBuildFile; productRef = 858FD1EF2BB223FD00698EA7 /* FirebaseAnalytics */; };
		858FD1F22BB223FD00698EA7 /* FirebaseAuth in Frameworks */ = {isa = PBXBuildFile; productRef = 858FD1F12BB223FD00698EA7 /* FirebaseAuth */; };
		858FD1F42BB223FD00698EA7 /* FirebaseFirestore in Frameworks */ = {isa = PBXBuildFile; productRef = 858FD1F32BB223FD00698EA7 /* FirebaseFirestore */; };
		85EEDF302BB48BBB009ABE7C /* HomeViewModel.swift in Sources */ = {isa = PBXBuildFile; fileRef = 85EEDF2F2BB48BBB009ABE7C /* HomeViewModel.swift */; };
/* End PBXBuildFile section */

/* Begin PBXFileReference section */
		851678E22BBB2CAB004BE371 /* TableViewCellScreen.swift */ = {isa = PBXFileReference; lastKnownFileType = sourcecode.swift; path = TableViewCellScreen.swift; sourceTree = "<group>"; };
		851678E62BBB2D20004BE371 /* TableViewCell.swift */ = {isa = PBXFileReference; lastKnownFileType = sourcecode.swift; path = TableViewCell.swift; sourceTree = "<group>"; };
		851678F52BBC71B1004BE371 /* CreateReserveScreen.swift */ = {isa = PBXFileReference; lastKnownFileType = sourcecode.swift; path = CreateReserveScreen.swift; sourceTree = "<group>"; };
		851678F72BBC7582004BE371 /* CreateReserveVC.swift */ = {isa = PBXFileReference; lastKnownFileType = sourcecode.swift; path = CreateReserveVC.swift; sourceTree = "<group>"; };
		8557AB6E2BA4655C006CC784 /* RegisterVC.swift */ = {isa = PBXFileReference; lastKnownFileType = sourcecode.swift; path = RegisterVC.swift; sourceTree = "<group>"; };
		8557AB722BA465AE006CC784 /* RegisterScreen.swift */ = {isa = PBXFileReference; lastKnownFileType = sourcecode.swift; path = RegisterScreen.swift; sourceTree = "<group>"; };
		8558D4B92B93471A00913807 /* bohemiaLX.app */ = {isa = PBXFileReference; explicitFileType = wrapper.application; includeInIndex = 0; path = bohemiaLX.app; sourceTree = BUILT_PRODUCTS_DIR; };
		8558D4BC2B93471A00913807 /* AppDelegate.swift */ = {isa = PBXFileReference; lastKnownFileType = sourcecode.swift; path = AppDelegate.swift; sourceTree = "<group>"; };
		8558D4BE2B93471A00913807 /* SceneDelegate.swift */ = {isa = PBXFileReference; lastKnownFileType = sourcecode.swift; path = SceneDelegate.swift; sourceTree = "<group>"; };
		8558D4C02B93471A00913807 /* HomeVC.swift */ = {isa = PBXFileReference; lastKnownFileType = sourcecode.swift; path = HomeVC.swift; sourceTree = "<group>"; };
		8558D4C52B93471C00913807 /* Assets.xcassets */ = {isa = PBXFileReference; lastKnownFileType = folder.assetcatalog; path = Assets.xcassets; sourceTree = "<group>"; };
		8558D4C82B93471C00913807 /* Base */ = {isa = PBXFileReference; lastKnownFileType = file.storyboard; name = Base; path = Base.lproj/LaunchScreen.storyboard; sourceTree = "<group>"; };
		8558D4CA2B93471C00913807 /* Info.plist */ = {isa = PBXFileReference; lastKnownFileType = text.plist.xml; path = Info.plist; sourceTree = "<group>"; };
		8558D4D02B93496C00913807 /* HomeScreen.swift */ = {isa = PBXFileReference; lastKnownFileType = sourcecode.swift; path = HomeScreen.swift; sourceTree = "<group>"; };
		856D5CA52BA7453300AF68F6 /* PasswordVC.swift */ = {isa = PBXFileReference; lastKnownFileType = sourcecode.swift; path = PasswordVC.swift; sourceTree = "<group>"; };
		856D5CA72BA7458F00AF68F6 /* PasswordScreen.swift */ = {isa = PBXFileReference; lastKnownFileType = sourcecode.swift; path = PasswordScreen.swift; sourceTree = "<group>"; };
		858FD1E22BB05D3700698EA7 /* SelectVC.swift */ = {isa = PBXFileReference; lastKnownFileType = sourcecode.swift; path = SelectVC.swift; sourceTree = "<group>"; };
		858FD1E42BB05D8100698EA7 /* SelectScreen.swift */ = {isa = PBXFileReference; lastKnownFileType = sourcecode.swift; path = SelectScreen.swift; sourceTree = "<group>"; };
		858FD1E72BB0A4B600698EA7 /* Reserve1VC.swift */ = {isa = PBXFileReference; lastKnownFileType = sourcecode.swift; path = Reserve1VC.swift; sourceTree = "<group>"; };
		858FD1E92BB0A4D300698EA7 /* Reserve1Screen.swift */ = {isa = PBXFileReference; lastKnownFileType = sourcecode.swift; path = Reserve1Screen.swift; sourceTree = "<group>"; };
		858FD1EC2BB2223000698EA7 /* GoogleService-Info.plist */ = {isa = PBXFileReference; fileEncoding = 4; lastKnownFileType = text.plist.xml; path = "GoogleService-Info.plist"; sourceTree = "<group>"; };
		85EEDF2F2BB48BBB009ABE7C /* HomeViewModel.swift */ = {isa = PBXFileReference; lastKnownFileType = sourcecode.swift; path = HomeViewModel.swift; sourceTree = "<group>"; };
/* End PBXFileReference section */

/* Begin PBXFrameworksBuildPhase section */
		8558D4B62B93471A00913807 /* Frameworks */ = {
			isa = PBXFrameworksBuildPhase;
			buildActionMask = 2147483647;
			files = (
				858FD1F02BB223FD00698EA7 /* FirebaseAnalytics in Frameworks */,
				858FD1F22BB223FD00698EA7 /* FirebaseAuth in Frameworks */,
				858FD1F42BB223FD00698EA7 /* FirebaseFirestore in Frameworks */,
			);
			runOnlyForDeploymentPostprocessing = 0;
		};
/* End PBXFrameworksBuildPhase section */

/* Begin PBXGroup section */
		851678DA2BBB295E004BE371 /* Cell */ = {
			isa = PBXGroup;
			children = (
				851678E62BBB2D20004BE371 /* TableViewCell.swift */,
				851678DF2BBB2A9C004BE371 /* Screen */,
			);
			path = Cell;
			sourceTree = "<group>";
		};
		851678DF2BBB2A9C004BE371 /* Screen */ = {
			isa = PBXGroup;
			children = (
				851678E22BBB2CAB004BE371 /* TableViewCellScreen.swift */,
			);
			path = Screen;
			sourceTree = "<group>";
		};
		851678E82BBB56F4004BE371 /* Controller */ = {
			isa = PBXGroup;
			children = (
				8558D4C02B93471A00913807 /* HomeVC.swift */,
			);
			path = Controller;
			sourceTree = "<group>";
		};
		851678E92BBB5701004BE371 /* Screen */ = {
			isa = PBXGroup;
			children = (
				8558D4D02B93496C00913807 /* HomeScreen.swift */,
			);
			path = Screen;
			sourceTree = "<group>";
		};
		851678EA2BBB5721004BE371 /* Controller */ = {
			isa = PBXGroup;
			children = (
				8557AB6E2BA4655C006CC784 /* RegisterVC.swift */,
			);
			path = Controller;
			sourceTree = "<group>";
		};
		851678EB2BBB572B004BE371 /* Screen */ = {
			isa = PBXGroup;
			children = (
				8557AB722BA465AE006CC784 /* RegisterScreen.swift */,
			);
			path = Screen;
			sourceTree = "<group>";
		};
		851678EC2BBB573E004BE371 /* Controller */ = {
			isa = PBXGroup;
			children = (
				856D5CA52BA7453300AF68F6 /* PasswordVC.swift */,
			);
			path = Controller;
			sourceTree = "<group>";
		};
		851678ED2BBB5748004BE371 /* Screen */ = {
			isa = PBXGroup;
			children = (
				856D5CA72BA7458F00AF68F6 /* PasswordScreen.swift */,
			);
			path = Screen;
			sourceTree = "<group>";
		};
		851678EE2BBB5780004BE371 /* Controller */ = {
			isa = PBXGroup;
			children = (
				858FD1E22BB05D3700698EA7 /* SelectVC.swift */,
			);
			path = Controller;
			sourceTree = "<group>";
		};
		851678EF2BBB5797004BE371 /* Screen */ = {
			isa = PBXGroup;
			children = (
				858FD1E42BB05D8100698EA7 /* SelectScreen.swift */,
			);
			path = Screen;
			sourceTree = "<group>";
		};
		851678F02BBB57AE004BE371 /* Controller */ = {
			isa = PBXGroup;
			children = (
				858FD1E72BB0A4B600698EA7 /* Reserve1VC.swift */,
			);
			path = Controller;
			sourceTree = "<group>";
		};
		851678F12BBB57B8004BE371 /* Screen */ = {
			isa = PBXGroup;
			children = (
				858FD1E92BB0A4D300698EA7 /* Reserve1Screen.swift */,
			);
			path = Screen;
			sourceTree = "<group>";
		};
		851678F22BBC714A004BE371 /* CreatReserve */ = {
			isa = PBXGroup;
			children = (
				851678F52BBC71B1004BE371 /* CreateReserveScreen.swift */,
				851678F72BBC7582004BE371 /* CreateReserveVC.swift */,
			);
			path = CreatReserve;
			sourceTree = "<group>";
		};
		8557AB6C2BA4651B006CC784 /* Home */ = {
			isa = PBXGroup;
			children = (
				851678E82BBB56F4004BE371 /* Controller */,
				851678E92BBB5701004BE371 /* Screen */,
				85EEDF2E2BB48B93009ABE7C /* viewModel */,
			);
			path = Home;
			sourceTree = "<group>";
		};
		8557AB6D2BA4653C006CC784 /* Register */ = {
			isa = PBXGroup;
			children = (
				851678EA2BBB5721004BE371 /* Controller */,
				851678EB2BBB572B004BE371 /* Screen */,
			);
			path = Register;
			sourceTree = "<group>";
		};
		8558D4B02B93471A00913807 = {
			isa = PBXGroup;
			children = (
				8558D4BB2B93471A00913807 /* bohemiaLX */,
				8558D4BA2B93471A00913807 /* Products */,
			);
			sourceTree = "<group>";
		};
		8558D4BA2B93471A00913807 /* Products */ = {
			isa = PBXGroup;
			children = (
				8558D4B92B93471A00913807 /* bohemiaLX.app */,
			);
			name = Products;
			sourceTree = "<group>";
		};
		8558D4BB2B93471A00913807 /* bohemiaLX */ = {
			isa = PBXGroup;
			children = (
				851678F22BBC714A004BE371 /* CreatReserve */,
				858FD1EB2BB2220F00698EA7 /* Firebase */,
				858FD1E62BB0A46800698EA7 /* Reserve1 */,
				858FD1E12BB05CF100698EA7 /* SelectHouse */,
				856D5CA42BA7450300AF68F6 /* Password */,
				8557AB6D2BA4653C006CC784 /* Register */,
				8557AB6C2BA4651B006CC784 /* Home */,
				8558D4BC2B93471A00913807 /* AppDelegate.swift */,
				8558D4BE2B93471A00913807 /* SceneDelegate.swift */,
				8558D4C52B93471C00913807 /* Assets.xcassets */,
				8558D4C72B93471C00913807 /* LaunchScreen.storyboard */,
				8558D4CA2B93471C00913807 /* Info.plist */,
			);
			path = bohemiaLX;
			sourceTree = "<group>";
		};
		856D5CA42BA7450300AF68F6 /* Password */ = {
			isa = PBXGroup;
			children = (
				851678ED2BBB5748004BE371 /* Screen */,
				851678EC2BBB573E004BE371 /* Controller */,
			);
			path = Password;
			sourceTree = "<group>";
		};
		858FD1E12BB05CF100698EA7 /* SelectHouse */ = {
			isa = PBXGroup;
			children = (
				851678EE2BBB5780004BE371 /* Controller */,
				851678EF2BBB5797004BE371 /* Screen */,
			);
			path = SelectHouse;
			sourceTree = "<group>";
		};
		858FD1E62BB0A46800698EA7 /* Reserve1 */ = {
			isa = PBXGroup;
			children = (
				851678DA2BBB295E004BE371 /* Cell */,
				851678F02BBB57AE004BE371 /* Controller */,
				851678F12BBB57B8004BE371 /* Screen */,
			);
			path = Reserve1;
			sourceTree = "<group>";
		};
		858FD1EB2BB2220F00698EA7 /* Firebase */ = {
			isa = PBXGroup;
			children = (
				858FD1EC2BB2223000698EA7 /* GoogleService-Info.plist */,
			);
			path = Firebase;
			sourceTree = "<group>";
		};
		85EEDF2E2BB48B93009ABE7C /* viewModel */ = {
			isa = PBXGroup;
			children = (
				85EEDF2F2BB48BBB009ABE7C /* HomeViewModel.swift */,
			);
			path = viewModel;
			sourceTree = "<group>";
		};
/* End PBXGroup section */

/* Begin PBXNativeTarget section */
		8558D4B82B93471A00913807 /* bohemiaLX */ = {
			isa = PBXNativeTarget;
			buildConfigurationList = 8558D4CD2B93471C00913807 /* Build configuration list for PBXNativeTarget "bohemiaLX" */;
			buildPhases = (
				8558D4B52B93471A00913807 /* Sources */,
				8558D4B62B93471A00913807 /* Frameworks */,
				8558D4B72B93471A00913807 /* Resources */,
			);
			buildRules = (
			);
			dependencies = (
			);
			name = bohemiaLX;
			packageProductDependencies = (
				858FD1EF2BB223FD00698EA7 /* FirebaseAnalytics */,
				858FD1F12BB223FD00698EA7 /* FirebaseAuth */,
				858FD1F32BB223FD00698EA7 /* FirebaseFirestore */,
			);
			productName = bohemiaLX;
			productReference = 8558D4B92B93471A00913807 /* bohemiaLX.app */;
			productType = "com.apple.product-type.application";
		};
/* End PBXNativeTarget section */

/* Begin PBXProject section */
		8558D4B12B93471A00913807 /* Project object */ = {
			isa = PBXProject;
			attributes = {
				BuildIndependentTargetsInParallel = 1;
				LastSwiftUpdateCheck = 1430;
				LastUpgradeCheck = 1430;
				TargetAttributes = {
					8558D4B82B93471A00913807 = {
						CreatedOnToolsVersion = 14.3.1;
					};
				};
			};
			buildConfigurationList = 8558D4B42B93471A00913807 /* Build configuration list for PBXProject "bohemiaLX" */;
			compatibilityVersion = "Xcode 14.0";
			developmentRegion = en;
			hasScannedForEncodings = 0;
			knownRegions = (
				en,
				Base,
			);
			mainGroup = 8558D4B02B93471A00913807;
			packageReferences = (
				858FD1EE2BB223FC00698EA7 /* XCRemoteSwiftPackageReference "firebase-ios-sdk" */,
			);
			productRefGroup = 8558D4BA2B93471A00913807 /* Products */;
			projectDirPath = "";
			projectRoot = "";
			targets = (
				8558D4B82B93471A00913807 /* bohemiaLX */,
			);
		};
/* End PBXProject section */

/* Begin PBXResourcesBuildPhase section */
		8558D4B72B93471A00913807 /* Resources */ = {
			isa = PBXResourcesBuildPhase;
			buildActionMask = 2147483647;
			files = (
				8558D4C92B93471C00913807 /* LaunchScreen.storyboard in Resources */,
				8558D4C62B93471C00913807 /* Assets.xcassets in Resources */,
				858FD1ED2BB2223000698EA7 /* GoogleService-Info.plist in Resources */,
			);
			runOnlyForDeploymentPostprocessing = 0;
		};
/* End PBXResourcesBuildPhase section */

/* Begin PBXSourcesBuildPhase section */
		8558D4B52B93471A00913807 /* Sources */ = {
			isa = PBXSourcesBuildPhase;
			buildActionMask = 2147483647;
			files = (
				8557AB732BA465AE006CC784 /* RegisterScreen.swift in Sources */,
				851678F82BBC7582004BE371 /* CreateReserveVC.swift in Sources */,
				8558D4D12B93496C00913807 /* HomeScreen.swift in Sources */,
				858FD1E82BB0A4B600698EA7 /* Reserve1VC.swift in Sources */,
				851678F62BBC71B1004BE371 /* CreateReserveScreen.swift in Sources */,
				856D5CA82BA7458F00AF68F6 /* PasswordScreen.swift in Sources */,
				8558D4C12B93471A00913807 /* HomeVC.swift in Sources */,
				858FD1E32BB05D3700698EA7 /* SelectVC.swift in Sources */,
				851678E72BBB2D20004BE371 /* TableViewCell.swift in Sources */,
				858FD1E52BB05D8100698EA7 /* SelectScreen.swift in Sources */,
				8558D4BD2B93471A00913807 /* AppDelegate.swift in Sources */,
				85EEDF302BB48BBB009ABE7C /* HomeViewModel.swift in Sources */,
				851678E32BBB2CAB004BE371 /* TableViewCellScreen.swift in Sources */,
				858FD1EA2BB0A4D300698EA7 /* Reserve1Screen.swift in Sources */,
				856D5CA62BA7453300AF68F6 /* PasswordVC.swift in Sources */,
				8557AB6F2BA4655C006CC784 /* RegisterVC.swift in Sources */,
				8558D4BF2B93471A00913807 /* SceneDelegate.swift in Sources */,
			);
			runOnlyForDeploymentPostprocessing = 0;
		};
/* End PBXSourcesBuildPhase section */

/* Begin PBXVariantGroup section */
		8558D4C72B93471C00913807 /* LaunchScreen.storyboard */ = {
			isa = PBXVariantGroup;
			children = (
				8558D4C82B93471C00913807 /* Base */,
			);
			name = LaunchScreen.storyboard;
			sourceTree = "<group>";
		};
/* End PBXVariantGroup section */

/* Begin XCBuildConfiguration section */
		8558D4CB2B93471C00913807 /* Debug */ = {
			isa = XCBuildConfiguration;
			buildSettings = {
				ALWAYS_SEARCH_USER_PATHS = NO;
				CLANG_ANALYZER_NONNULL = YES;
				CLANG_ANALYZER_NUMBER_OBJECT_CONVERSION = YES_AGGRESSIVE;
				CLANG_CXX_LANGUAGE_STANDARD = "gnu++20";
				CLANG_ENABLE_MODULES = YES;
				CLANG_ENABLE_OBJC_ARC = YES;
				CLANG_ENABLE_OBJC_WEAK = YES;
				CLANG_WARN_BLOCK_CAPTURE_AUTORELEASING = YES;
				CLANG_WARN_BOOL_CONVERSION = YES;
				CLANG_WARN_COMMA = YES;
				CLANG_WARN_CONSTANT_CONVERSION = YES;
				CLANG_WARN_DEPRECATED_OBJC_IMPLEMENTATIONS = YES;
				CLANG_WARN_DIRECT_OBJC_ISA_USAGE = YES_ERROR;
				CLANG_WARN_DOCUMENTATION_COMMENTS = YES;
				CLANG_WARN_EMPTY_BODY = YES;
				CLANG_WARN_ENUM_CONVERSION = YES;
				CLANG_WARN_INFINITE_RECURSION = YES;
				CLANG_WARN_INT_CONVERSION = YES;
				CLANG_WARN_NON_LITERAL_NULL_CONVERSION = YES;
				CLANG_WARN_OBJC_IMPLICIT_RETAIN_SELF = YES;
				CLANG_WARN_OBJC_LITERAL_CONVERSION = YES;
				CLANG_WARN_OBJC_ROOT_CLASS = YES_ERROR;
				CLANG_WARN_QUOTED_INCLUDE_IN_FRAMEWORK_HEADER = YES;
				CLANG_WARN_RANGE_LOOP_ANALYSIS = YES;
				CLANG_WARN_STRICT_PROTOTYPES = YES;
				CLANG_WARN_SUSPICIOUS_MOVE = YES;
				CLANG_WARN_UNGUARDED_AVAILABILITY = YES_AGGRESSIVE;
				CLANG_WARN_UNREACHABLE_CODE = YES;
				CLANG_WARN__DUPLICATE_METHOD_MATCH = YES;
				COPY_PHASE_STRIP = NO;
				DEBUG_INFORMATION_FORMAT = dwarf;
				ENABLE_STRICT_OBJC_MSGSEND = YES;
				ENABLE_TESTABILITY = YES;
				GCC_C_LANGUAGE_STANDARD = gnu11;
				GCC_DYNAMIC_NO_PIC = NO;
				GCC_NO_COMMON_BLOCKS = YES;
				GCC_OPTIMIZATION_LEVEL = 0;
				GCC_PREPROCESSOR_DEFINITIONS = (
					"DEBUG=1",
					"$(inherited)",
				);
				GCC_WARN_64_TO_32_BIT_CONVERSION = YES;
				GCC_WARN_ABOUT_RETURN_TYPE = YES_ERROR;
				GCC_WARN_UNDECLARED_SELECTOR = YES;
				GCC_WARN_UNINITIALIZED_AUTOS = YES_AGGRESSIVE;
				GCC_WARN_UNUSED_FUNCTION = YES;
				GCC_WARN_UNUSED_VARIABLE = YES;
				IPHONEOS_DEPLOYMENT_TARGET = 16.4;
				MTL_ENABLE_DEBUG_INFO = INCLUDE_SOURCE;
				MTL_FAST_MATH = YES;
				ONLY_ACTIVE_ARCH = YES;
				SDKROOT = iphoneos;
				SWIFT_ACTIVE_COMPILATION_CONDITIONS = DEBUG;
				SWIFT_OPTIMIZATION_LEVEL = "-Onone";
			};
			name = Debug;
		};
		8558D4CC2B93471C00913807 /* Release */ = {
			isa = XCBuildConfiguration;
			buildSettings = {
				ALWAYS_SEARCH_USER_PATHS = NO;
				CLANG_ANALYZER_NONNULL = YES;
				CLANG_ANALYZER_NUMBER_OBJECT_CONVERSION = YES_AGGRESSIVE;
				CLANG_CXX_LANGUAGE_STANDARD = "gnu++20";
				CLANG_ENABLE_MODULES = YES;
				CLANG_ENABLE_OBJC_ARC = YES;
				CLANG_ENABLE_OBJC_WEAK = YES;
				CLANG_WARN_BLOCK_CAPTURE_AUTORELEASING = YES;
				CLANG_WARN_BOOL_CONVERSION = YES;
				CLANG_WARN_COMMA = YES;
				CLANG_WARN_CONSTANT_CONVERSION = YES;
				CLANG_WARN_DEPRECATED_OBJC_IMPLEMENTATIONS = YES;
				CLANG_WARN_DIRECT_OBJC_ISA_USAGE = YES_ERROR;
				CLANG_WARN_DOCUMENTATION_COMMENTS = YES;
				CLANG_WARN_EMPTY_BODY = YES;
				CLANG_WARN_ENUM_CONVERSION = YES;
				CLANG_WARN_INFINITE_RECURSION = YES;
				CLANG_WARN_INT_CONVERSION = YES;
				CLANG_WARN_NON_LITERAL_NULL_CONVERSION = YES;
				CLANG_WARN_OBJC_IMPLICIT_RETAIN_SELF = YES;
				CLANG_WARN_OBJC_LITERAL_CONVERSION = YES;
				CLANG_WARN_OBJC_ROOT_CLASS = YES_ERROR;
				CLANG_WARN_QUOTED_INCLUDE_IN_FRAMEWORK_HEADER = YES;
				CLANG_WARN_RANGE_LOOP_ANALYSIS = YES;
				CLANG_WARN_STRICT_PROTOTYPES = YES;
				CLANG_WARN_SUSPICIOUS_MOVE = YES;
				CLANG_WARN_UNGUARDED_AVAILABILITY = YES_AGGRESSIVE;
				CLANG_WARN_UNREACHABLE_CODE = YES;
				CLANG_WARN__DUPLICATE_METHOD_MATCH = YES;
				COPY_PHASE_STRIP = NO;
				DEBUG_INFORMATION_FORMAT = "dwarf-with-dsym";
				ENABLE_NS_ASSERTIONS = NO;
				ENABLE_STRICT_OBJC_MSGSEND = YES;
				GCC_C_LANGUAGE_STANDARD = gnu11;
				GCC_NO_COMMON_BLOCKS = YES;
				GCC_WARN_64_TO_32_BIT_CONVERSION = YES;
				GCC_WARN_ABOUT_RETURN_TYPE = YES_ERROR;
				GCC_WARN_UNDECLARED_SELECTOR = YES;
				GCC_WARN_UNINITIALIZED_AUTOS = YES_AGGRESSIVE;
				GCC_WARN_UNUSED_FUNCTION = YES;
				GCC_WARN_UNUSED_VARIABLE = YES;
				IPHONEOS_DEPLOYMENT_TARGET = 16.4;
				MTL_ENABLE_DEBUG_INFO = NO;
				MTL_FAST_MATH = YES;
				SDKROOT = iphoneos;
				SWIFT_COMPILATION_MODE = wholemodule;
				SWIFT_OPTIMIZATION_LEVEL = "-O";
				VALIDATE_PRODUCT = YES;
			};
			name = Release;
		};
		8558D4CE2B93471C00913807 /* Debug */ = {
			isa = XCBuildConfiguration;
			buildSettings = {
				ASSETCATALOG_COMPILER_APPICON_NAME = AppIcon;
				ASSETCATALOG_COMPILER_GLOBAL_ACCENT_COLOR_NAME = AccentColor;
				CODE_SIGN_STYLE = Automatic;
				CURRENT_PROJECT_VERSION = 1;
				GENERATE_INFOPLIST_FILE = YES;
				INFOPLIST_FILE = bohemiaLX/Info.plist;
				INFOPLIST_KEY_UIApplicationSupportsIndirectInputEvents = YES;
				INFOPLIST_KEY_UILaunchStoryboardName = LaunchScreen;
				INFOPLIST_KEY_UIMainStoryboardFile = "";
				INFOPLIST_KEY_UISupportedInterfaceOrientations_iPad = "UIInterfaceOrientationPortrait UIInterfaceOrientationPortraitUpsideDown UIInterfaceOrientationLandscapeLeft UIInterfaceOrientationLandscapeRight";
				INFOPLIST_KEY_UISupportedInterfaceOrientations_iPhone = "UIInterfaceOrientationPortrait UIInterfaceOrientationLandscapeLeft UIInterfaceOrientationLandscapeRight";
				LD_RUNPATH_SEARCH_PATHS = (
					"$(inherited)",
					"@executable_path/Frameworks",
				);
				MARKETING_VERSION = 1.0;
				PRODUCT_BUNDLE_IDENTIFIER = pedroRibeiro.BohemiaLx;
				PRODUCT_NAME = "$(TARGET_NAME)";
				SWIFT_EMIT_LOC_STRINGS = YES;
				SWIFT_VERSION = 5.0;
				TARGETED_DEVICE_FAMILY = "1,2";
			};
			name = Debug;
		};
		8558D4CF2B93471C00913807 /* Release */ = {
			isa = XCBuildConfiguration;
			buildSettings = {
				ASSETCATALOG_COMPILER_APPICON_NAME = AppIcon;
				ASSETCATALOG_COMPILER_GLOBAL_ACCENT_COLOR_NAME = AccentColor;
				CODE_SIGN_STYLE = Automatic;
				CURRENT_PROJECT_VERSION = 1;
				GENERATE_INFOPLIST_FILE = YES;
				INFOPLIST_FILE = bohemiaLX/Info.plist;
				INFOPLIST_KEY_UIApplicationSupportsIndirectInputEvents = YES;
				INFOPLIST_KEY_UILaunchStoryboardName = LaunchScreen;
				INFOPLIST_KEY_UIMainStoryboardFile = "";
				INFOPLIST_KEY_UISupportedInterfaceOrientations_iPad = "UIInterfaceOrientationPortrait UIInterfaceOrientationPortraitUpsideDown UIInterfaceOrientationLandscapeLeft UIInterfaceOrientationLandscapeRight";
				INFOPLIST_KEY_UISupportedInterfaceOrientations_iPhone = "UIInterfaceOrientationPortrait UIInterfaceOrientationLandscapeLeft UIInterfaceOrientationLandscapeRight";
				LD_RUNPATH_SEARCH_PATHS = (
					"$(inherited)",
					"@executable_path/Frameworks",
				);
				MARKETING_VERSION = 1.0;
				PRODUCT_BUNDLE_IDENTIFIER = pedroRibeiro.BohemiaLx;
				PRODUCT_NAME = "$(TARGET_NAME)";
				SWIFT_EMIT_LOC_STRINGS = YES;
				SWIFT_VERSION = 5.0;
				TARGETED_DEVICE_FAMILY = "1,2";
			};
			name = Release;
		};
/* End XCBuildConfiguration section */

/* Begin XCConfigurationList section */
		8558D4B42B93471A00913807 /* Build configuration list for PBXProject "bohemiaLX" */ = {
			isa = XCConfigurationList;
			buildConfigurations = (
				8558D4CB2B93471C00913807 /* Debug */,
				8558D4CC2B93471C00913807 /* Release */,
			);
			defaultConfigurationIsVisible = 0;
			defaultConfigurationName = Release;
		};
		8558D4CD2B93471C00913807 /* Build configuration list for PBXNativeTarget "bohemiaLX" */ = {
			isa = XCConfigurationList;
			buildConfigurations = (
				8558D4CE2B93471C00913807 /* Debug */,
				8558D4CF2B93471C00913807 /* Release */,
			);
			defaultConfigurationIsVisible = 0;
			defaultConfigurationName = Release;
		};
/* End XCConfigurationList section */

/* Begin XCRemoteSwiftPackageReference section */
		858FD1EE2BB223FC00698EA7 /* XCRemoteSwiftPackageReference "firebase-ios-sdk" */ = {
			isa = XCRemoteSwiftPackageReference;
			repositoryURL = "https://github.com/firebase/firebase-ios-sdk";
			requirement = {
				kind = upToNextMajorVersion;
				minimumVersion = 10.23.0;
			};
		};
/* End XCRemoteSwiftPackageReference section */

/* Begin XCSwiftPackageProductDependency section */
		858FD1EF2BB223FD00698EA7 /* FirebaseAnalytics */ = {
			isa = XCSwiftPackageProductDependency;
			package = 858FD1EE2BB223FC00698EA7 /* XCRemoteSwiftPackageReference "firebase-ios-sdk" */;
			productName = FirebaseAnalytics;
		};
		858FD1F12BB223FD00698EA7 /* FirebaseAuth */ = {
			isa = XCSwiftPackageProductDependency;
			package = 858FD1EE2BB223FC00698EA7 /* XCRemoteSwiftPackageReference "firebase-ios-sdk" */;
			productName = FirebaseAuth;
		};
		858FD1F32BB223FD00698EA7 /* FirebaseFirestore */ = {
			isa = XCSwiftPackageProductDependency;
			package = 858FD1EE2BB223FC00698EA7 /* XCRemoteSwiftPackageReference "firebase-ios-sdk" */;
			productName = FirebaseFirestore;
		};
/* End XCSwiftPackageProductDependency section */
	};
	rootObject = 8558D4B12B93471A00913807 /* Project object */;
}
